
Microsoft Visual Studio Solution File, Format Version 12.00
# Visual Studio Version 16
VisualStudioVersion = 16.0.29324.140
MinimumVisualStudioVersion = 10.0.40219.1
Project("{9A19103F-16F7-4668-BE54-9A1E7A4F7556}") = "LightsCommander", "LightsCommander\LightsCommander.csproj", "{A38D16AF-14C2-4F0A-AEA2-CC69F99F518B}"
EndProject
Global
	GlobalSection(SolutionConfigurationPlatforms) = preSolution
		Debug|Any CPU = Debug|Any CPU
		Release|Any CPU = Release|Any CPU
	EndGlobalSection
	GlobalSection(ProjectConfigurationPlatforms) = postSolution
		{A38D16AF-14C2-4F0A-AEA2-CC69F99F518B}.Debug|Any CPU.ActiveCfg = Debug|Any CPU
		{A38D16AF-14C2-4F0A-AEA2-CC69F99F518B}.Debug|Any CPU.Build.0 = Debug|Any CPU
		{A38D16AF-14C2-4F0A-AEA2-CC69F99F518B}.Release|Any CPU.ActiveCfg = Release|Any CPU
		{A38D16AF-14C2-4F0A-AEA2-CC69F99F518B}.Release|Any CPU.Build.0 = Release|Any CPU
	EndGlobalSection
	GlobalSection(SolutionProperties) = preSolution
		HideSolutionNode = FALSE
	EndGlobalSection
	GlobalSection(ExtensibilityGlobals) = postSolution
		SolutionGuid = {0A0ABEB5-CE7A-42B4-8AB5-17334293D77D}
	EndGlobalSection
EndGlobal
